
Microsoft Visual Studio Solution File, Format Version 12.00
# Visual Studio Version 17
VisualStudioVersion = 17.3.32804.467
MinimumVisualStudioVersion = 10.0.40219.1
Project("{FAE04EC0-301F-11D3-BF4B-00C04F79EFBC}") = "project1", "project1\project1.csproj", "{2851A665-8199-4099-96AA-F4BDF92BC5EE}"
EndProject
Global
	GlobalSection(SolutionConfigurationPlatforms) = preSolution
		Debug|Any CPU = Debug|Any CPU
		Release|Any CPU = Release|Any CPU
	EndGlobalSection
	GlobalSection(ProjectConfigurationPlatforms) = postSolution
		{2851A665-8199-4099-96AA-F4BDF92BC5EE}.Debug|Any CPU.ActiveCfg = Debug|Any CPU
		{2851A665-8199-4099-96AA-F4BDF92BC5EE}.Debug|Any CPU.Build.0 = Debug|Any CPU
		{2851A665-8199-4099-96AA-F4BDF92BC5EE}.Release|Any CPU.ActiveCfg = Release|Any CPU
		{2851A665-8199-4099-96AA-F4BDF92BC5EE}.Release|Any CPU.Build.0 = Release|Any CPU
	EndGlobalSection
	GlobalSection(SolutionProperties) = preSolution
		HideSolutionNode = FALSE
	EndGlobalSection
	GlobalSection(ExtensibilityGlobals) = postSolution
		SolutionGuid = {D2E18D8F-37B9-47D7-9743-D5868B218EBC}
	EndGlobalSection
EndGlobal
